// !$*UTF8*$!
{
	archiveVersion = 1;
	classes = {
	};
	objectVersion = 46;
	objects = {

/* Begin PBXBuildFile section */
		CD54685B2254A41C00A7A75B /* gamagora.jpeg in Resources */ = {isa = PBXBuildFile; fileRef = CD54685A2254A41C00A7A75B /* gamagora.jpeg */; };
		CD54685D2254A4A100A7A75B /* Lyon2.png in Resources */ = {isa = PBXBuildFile; fileRef = CD54685C2254A4A100A7A75B /* Lyon2.png */; };
		CD66D1C51BF4D13900193B03 /* Etudiant.swift in Sources */ = {isa = PBXBuildFile; fileRef = CD66D1C41BF4D13900193B03 /* Etudiant.swift */; };
		CD66D1CD1BF4DF6600193B03 /* ToolsInOut.swift in Sources */ = {isa = PBXBuildFile; fileRef = CD66D1CC1BF4DF6600193B03 /* ToolsInOut.swift */; };
		CD66D1CF1BF777A900193B03 /* SettingsInfoController.swift in Sources */ = {isa = PBXBuildFile; fileRef = CD66D1CE1BF777A900193B03 /* SettingsInfoController.swift */; };
		CD6F45AF22577D42001B45E9 /* logo ICOM_Coul.gif in Resources */ = {isa = PBXBuildFile; fileRef = CD6F45AE22577D42001B45E9 /* logo ICOM_Coul.gif */; };
		CD74F0461C0FA6AB00F0AB81 /* checked.png in Resources */ = {isa = PBXBuildFile; fileRef = CD74F0451C0FA6AB00F0AB81 /* checked.png */; };
		CD74F0481C0FA6B100F0AB81 /* unChecked.png in Resources */ = {isa = PBXBuildFile; fileRef = CD74F0471C0FA6B100F0AB81 /* unChecked.png */; };
		CDC730161BFE6B7300D65C3A /* emptyListStudent.plist in Resources */ = {isa = PBXBuildFile; fileRef = CDC730151BFE6B7300D65C3A /* emptyListStudent.plist */; };
		CDD451BD1BF4BBF700F76213 /* AppDelegate.swift in Sources */ = {isa = PBXBuildFile; fileRef = CDD451BC1BF4BBF700F76213 /* AppDelegate.swift */; };
		CDD451BF1BF4BBF700F76213 /* MainInputController.swift in Sources */ = {isa = PBXBuildFile; fileRef = CDD451BE1BF4BBF700F76213 /* MainInputController.swift */; };
		CDD451C21BF4BBF700F76213 /* Main.storyboard in Resources */ = {isa = PBXBuildFile; fileRef = CDD451C01BF4BBF700F76213 /* Main.storyboard */; };
		CDD451C41BF4BBF700F76213 /* Assets.xcassets in Resources */ = {isa = PBXBuildFile; fileRef = CDD451C31BF4BBF700F76213 /* Assets.xcassets */; };
		CDD451C71BF4BBF700F76213 /* LaunchScreen.storyboard in Resources */ = {isa = PBXBuildFile; fileRef = CDD451C51BF4BBF700F76213 /* LaunchScreen.storyboard */; };
		CDD451D01BF4BC3A00F76213 /* logo_UL.png in Resources */ = {isa = PBXBuildFile; fileRef = CDD451CF1BF4BC3A00F76213 /* logo_UL.png */; };
/* End PBXBuildFile section */

/* Begin PBXFileReference section */
		CD54685A2254A41C00A7A75B /* gamagora.jpeg */ = {isa = PBXFileReference; lastKnownFileType = image.jpeg; path = gamagora.jpeg; sourceTree = "<group>"; };
		CD54685C2254A4A100A7A75B /* Lyon2.png */ = {isa = PBXFileReference; lastKnownFileType = image.png; path = Lyon2.png; sourceTree = "<group>"; };
		CD66D1C41BF4D13900193B03 /* Etudiant.swift */ = {isa = PBXFileReference; fileEncoding = 4; lastKnownFileType = sourcecode.swift; path = Etudiant.swift; sourceTree = "<group>"; };
		CD66D1CC1BF4DF6600193B03 /* ToolsInOut.swift */ = {isa = PBXFileReference; fileEncoding = 4; lastKnownFileType = sourcecode.swift; path = ToolsInOut.swift; sourceTree = "<group>"; };
		CD66D1CE1BF777A900193B03 /* SettingsInfoController.swift */ = {isa = PBXFileReference; fileEncoding = 4; lastKnownFileType = sourcecode.swift; path = SettingsInfoController.swift; sourceTree = "<group>"; };
		CD6F45AE22577D42001B45E9 /* logo ICOM_Coul.gif */ = {isa = PBXFileReference; lastKnownFileType = image.gif; path = "logo ICOM_Coul.gif"; sourceTree = "<group>"; };
		CD74F0451C0FA6AB00F0AB81 /* checked.png */ = {isa = PBXFileReference; lastKnownFileType = image.png; path = checked.png; sourceTree = "<group>"; };
		CD74F0471C0FA6B100F0AB81 /* unChecked.png */ = {isa = PBXFileReference; lastKnownFileType = image.png; path = unChecked.png; sourceTree = "<group>"; };
		CDC730151BFE6B7300D65C3A /* emptyListStudent.plist */ = {isa = PBXFileReference; fileEncoding = 4; lastKnownFileType = text.plist.xml; path = emptyListStudent.plist; sourceTree = "<group>"; };
		CDD451B91BF4BBF700F76213 /* PreStudentContact.app */ = {isa = PBXFileReference; explicitFileType = wrapper.application; includeInIndex = 0; path = PreStudentContact.app; sourceTree = BUILT_PRODUCTS_DIR; };
		CDD451BC1BF4BBF700F76213 /* AppDelegate.swift */ = {isa = PBXFileReference; lastKnownFileType = sourcecode.swift; path = AppDelegate.swift; sourceTree = "<group>"; };
		CDD451BE1BF4BBF700F76213 /* MainInputController.swift */ = {isa = PBXFileReference; lastKnownFileType = sourcecode.swift; path = MainInputController.swift; sourceTree = "<group>"; };
		CDD451C11BF4BBF700F76213 /* Base */ = {isa = PBXFileReference; lastKnownFileType = file.storyboard; name = Base; path = Base.lproj/Main.storyboard; sourceTree = "<group>"; };
		CDD451C31BF4BBF700F76213 /* Assets.xcassets */ = {isa = PBXFileReference; lastKnownFileType = folder.assetcatalog; path = Assets.xcassets; sourceTree = "<group>"; };
		CDD451C61BF4BBF700F76213 /* Base */ = {isa = PBXFileReference; lastKnownFileType = file.storyboard; name = Base; path = Base.lproj/LaunchScreen.storyboard; sourceTree = "<group>"; };
		CDD451C81BF4BBF700F76213 /* Info.plist */ = {isa = PBXFileReference; lastKnownFileType = text.plist.xml; path = Info.plist; sourceTree = "<group>"; };
		CDD451CF1BF4BC3A00F76213 /* logo_UL.png */ = {isa = PBXFileReference; lastKnownFileType = image.png; path = logo_UL.png; sourceTree = "<group>"; };
/* End PBXFileReference section */

/* Begin PBXFrameworksBuildPhase section */
		CDD451B61BF4BBF700F76213 /* Frameworks */ = {
			isa = PBXFrameworksBuildPhase;
			buildActionMask = 2147483647;
			files = (
			);
			runOnlyForDeploymentPostprocessing = 0;
		};
/* End PBXFrameworksBuildPhase section */

/* Begin PBXGroup section */
		CD66D1C91BF4DA5F00193B03 /* DataList */ = {
			isa = PBXGroup;
			children = (
				CDC730151BFE6B7300D65C3A /* emptyListStudent.plist */,
			);
			name = DataList;
			sourceTree = "<group>";
		};
		CDD451B01BF4BBF700F76213 = {
			isa = PBXGroup;
			children = (
				CDD451BB1BF4BBF700F76213 /* PreStudentContact */,
				CDD451BA1BF4BBF700F76213 /* Products */,
			);
			sourceTree = "<group>";
		};
		CDD451BA1BF4BBF700F76213 /* Products */ = {
			isa = PBXGroup;
			children = (
				CDD451B91BF4BBF700F76213 /* PreStudentContact.app */,
			);
			name = Products;
			sourceTree = "<group>";
		};
		CDD451BB1BF4BBF700F76213 /* PreStudentContact */ = {
			isa = PBXGroup;
			children = (
				CD66D1C91BF4DA5F00193B03 /* DataList */,
				CDD451CE1BF4BC2F00F76213 /* Images */,
				CDD451BE1BF4BBF700F76213 /* MainInputController.swift */,
				CD66D1CE1BF777A900193B03 /* SettingsInfoController.swift */,
				CD66D1C41BF4D13900193B03 /* Etudiant.swift */,
				CD66D1CC1BF4DF6600193B03 /* ToolsInOut.swift */,
				CDD451BC1BF4BBF700F76213 /* AppDelegate.swift */,
				CDD451C01BF4BBF700F76213 /* Main.storyboard */,
				CDD451C31BF4BBF700F76213 /* Assets.xcassets */,
				CDD451C51BF4BBF700F76213 /* LaunchScreen.storyboard */,
				CDD451C81BF4BBF700F76213 /* Info.plist */,
			);
			path = PreStudentContact;
			sourceTree = "<group>";
		};
		CDD451CE1BF4BC2F00F76213 /* Images */ = {
			isa = PBXGroup;
			children = (
				CD6F45AE22577D42001B45E9 /* logo ICOM_Coul.gif */,
				CD54685C2254A4A100A7A75B /* Lyon2.png */,
				CD54685A2254A41C00A7A75B /* gamagora.jpeg */,
				CD74F0471C0FA6B100F0AB81 /* unChecked.png */,
				CD74F0451C0FA6AB00F0AB81 /* checked.png */,
				CDD451CF1BF4BC3A00F76213 /* logo_UL.png */,
			);
			name = Images;
			sourceTree = "<group>";
		};
/* End PBXGroup section */

/* Begin PBXNativeTarget section */
		CDD451B81BF4BBF700F76213 /* PreStudentContact */ = {
			isa = PBXNativeTarget;
			buildConfigurationList = CDD451CB1BF4BBF700F76213 /* Build configuration list for PBXNativeTarget "PreStudentContact" */;
			buildPhases = (
				CDD451B51BF4BBF700F76213 /* Sources */,
				CDD451B61BF4BBF700F76213 /* Frameworks */,
				CDD451B71BF4BBF700F76213 /* Resources */,
			);
			buildRules = (
			);
			dependencies = (
			);
			name = PreStudentContact;
			productName = PreStudentContact;
			productReference = CDD451B91BF4BBF700F76213 /* PreStudentContact.app */;
			productType = "com.apple.product-type.application";
		};
/* End PBXNativeTarget section */

/* Begin PBXProject section */
		CDD451B11BF4BBF700F76213 /* Project object */ = {
			isa = PBXProject;
			attributes = {
				LastSwiftUpdateCheck = 0710;
				LastUpgradeCheck = 1020;
				ORGANIZATIONNAME = appiut;
				TargetAttributes = {
					CDD451B81BF4BBF700F76213 = {
						CreatedOnToolsVersion = 7.1.1;
						DevelopmentTeam = VTT9S468WV;
						LastSwiftMigration = 1020;
						ProvisioningStyle = Automatic;
					};
				};
			};
			buildConfigurationList = CDD451B41BF4BBF700F76213 /* Build configuration list for PBXProject "PreStudentContact" */;
			compatibilityVersion = "Xcode 3.2";
			developmentRegion = en;
			hasScannedForEncodings = 0;
			knownRegions = (
				en,
				Base,
			);
			mainGroup = CDD451B01BF4BBF700F76213;
			productRefGroup = CDD451BA1BF4BBF700F76213 /* Products */;
			projectDirPath = "";
			projectRoot = "";
			targets = (
				CDD451B81BF4BBF700F76213 /* PreStudentContact */,
			);
		};
/* End PBXProject section */

/* Begin PBXResourcesBuildPhase section */
		CDD451B71BF4BBF700F76213 /* Resources */ = {
			isa = PBXResourcesBuildPhase;
			buildActionMask = 2147483647;
			files = (
				CD54685B2254A41C00A7A75B /* gamagora.jpeg in Resources */,
				CDD451C71BF4BBF700F76213 /* LaunchScreen.storyboard in Resources */,
				CDD451C41BF4BBF700F76213 /* Assets.xcassets in Resources */,
				CDC730161BFE6B7300D65C3A /* emptyListStudent.plist in Resources */,
				CD74F0481C0FA6B100F0AB81 /* unChecked.png in Resources */,
				CD74F0461C0FA6AB00F0AB81 /* checked.png in Resources */,
				CDD451C21BF4BBF700F76213 /* Main.storyboard in Resources */,
				CD6F45AF22577D42001B45E9 /* logo ICOM_Coul.gif in Resources */,
				CD54685D2254A4A100A7A75B /* Lyon2.png in Resources */,
				CDD451D01BF4BC3A00F76213 /* logo_UL.png in Resources */,
			);
			runOnlyForDeploymentPostprocessing = 0;
		};
/* End PBXResourcesBuildPhase section */

/* Begin PBXSourcesBuildPhase section */
		CDD451B51BF4BBF700F76213 /* Sources */ = {
			isa = PBXSourcesBuildPhase;
			buildActionMask = 2147483647;
			files = (
				CDD451BF1BF4BBF700F76213 /* MainInputController.swift in Sources */,
				CD66D1CF1BF777A900193B03 /* SettingsInfoController.swift in Sources */,
				CDD451BD1BF4BBF700F76213 /* AppDelegate.swift in Sources */,
				CD66D1C51BF4D13900193B03 /* Etudiant.swift in Sources */,
				CD66D1CD1BF4DF6600193B03 /* ToolsInOut.swift in Sources */,
			);
			runOnlyForDeploymentPostprocessing = 0;
		};
/* End PBXSourcesBuildPhase section */

/* Begin PBXVariantGroup section */
		CDD451C01BF4BBF700F76213 /* Main.storyboard */ = {
			isa = PBXVariantGroup;
			children = (
				CDD451C11BF4BBF700F76213 /* Base */,
			);
			name = Main.storyboard;
			sourceTree = "<group>";
		};
		CDD451C51BF4BBF700F76213 /* LaunchScreen.storyboard */ = {
			isa = PBXVariantGroup;
			children = (
				CDD451C61BF4BBF700F76213 /* Base */,
			);
			name = LaunchScreen.storyboard;
			sourceTree = "<group>";
		};
/* End PBXVariantGroup section */

/* Begin XCBuildConfiguration section */
		CDD451C91BF4BBF700F76213 /* Debug */ = {
			isa = XCBuildConfiguration;
			buildSettings = {
				ALWAYS_SEARCH_USER_PATHS = NO;
				CLANG_ANALYZER_LOCALIZABILITY_NONLOCALIZED = YES;
				CLANG_CXX_LANGUAGE_STANDARD = "gnu++0x";
				CLANG_CXX_LIBRARY = "libc++";
				CLANG_ENABLE_MODULES = YES;
				CLANG_ENABLE_OBJC_ARC = YES;
				CLANG_WARN_BLOCK_CAPTURE_AUTORELEASING = YES;
				CLANG_WARN_BOOL_CONVERSION = YES;
				CLANG_WARN_COMMA = YES;
				CLANG_WARN_CONSTANT_CONVERSION = YES;
				CLANG_WARN_DEPRECATED_OBJC_IMPLEMENTATIONS = YES;
				CLANG_WARN_DIRECT_OBJC_ISA_USAGE = YES_ERROR;
				CLANG_WARN_EMPTY_BODY = YES;
				CLANG_WARN_ENUM_CONVERSION = YES;
				CLANG_WARN_INFINITE_RECURSION = YES;
				CLANG_WARN_INT_CONVERSION = YES;
				CLANG_WARN_NON_LITERAL_NULL_CONVERSION = YES;
				CLANG_WARN_OBJC_IMPLICIT_RETAIN_SELF = YES;
				CLANG_WARN_OBJC_LITERAL_CONVERSION = YES;
				CLANG_WARN_OBJC_ROOT_CLASS = YES_ERROR;
				CLANG_WARN_RANGE_LOOP_ANALYSIS = YES;
				CLANG_WARN_STRICT_PROTOTYPES = YES;
				CLANG_WARN_SUSPICIOUS_MOVE = YES;
				CLANG_WARN_UNREACHABLE_CODE = YES;
				CLANG_WARN__DUPLICATE_METHOD_MATCH = YES;
				CODE_SIGN_IDENTITY = "iPhone Developer";
				"CODE_SIGN_IDENTITY[sdk=iphoneos*]" = "iPhone Developer";
				CODE_SIGN_STYLE = Automatic;
				COPY_PHASE_STRIP = NO;
				DEBUG_INFORMATION_FORMAT = dwarf;
				DEVELOPMENT_TEAM = VTT9S468WV;
				ENABLE_STRICT_OBJC_MSGSEND = YES;
				ENABLE_TESTABILITY = YES;
				GCC_C_LANGUAGE_STANDARD = gnu99;
				GCC_DYNAMIC_NO_PIC = NO;
				GCC_NO_COMMON_BLOCKS = YES;
				GCC_OPTIMIZATION_LEVEL = 0;
				GCC_PREPROCESSOR_DEFINITIONS = (
					"DEBUG=1",
					"$(inherited)",
				);
				GCC_WARN_64_TO_32_BIT_CONVERSION = YES;
				GCC_WARN_ABOUT_RETURN_TYPE = YES_ERROR;
				GCC_WARN_UNDECLARED_SELECTOR = YES;
				GCC_WARN_UNINITIALIZED_AUTOS = YES_AGGRESSIVE;
				GCC_WARN_UNUSED_FUNCTION = YES;
				GCC_WARN_UNUSED_VARIABLE = YES;
				IPHONEOS_DEPLOYMENT_TARGET = 9.1;
				MTL_ENABLE_DEBUG_INFO = YES;
				ONLY_ACTIVE_ARCH = YES;
				SDKROOT = iphoneos;
				SWIFT_OPTIMIZATION_LEVEL = "-Onone";
				SWIFT_SWIFT3_OBJC_INFERENCE = Default;
				TARGETED_DEVICE_FAMILY = 2;
			};
			name = Debug;
		};
		CDD451CA1BF4BBF700F76213 /* Release */ = {
			isa = XCBuildConfiguration;
			buildSettings = {
				ALWAYS_SEARCH_USER_PATHS = NO;
				CLANG_ANALYZER_LOCALIZABILITY_NONLOCALIZED = YES;
				CLANG_CXX_LANGUAGE_STANDARD = "gnu++0x";
				CLANG_CXX_LIBRARY = "libc++";
				CLANG_ENABLE_MODULES = YES;
				CLANG_ENABLE_OBJC_ARC = YES;
				CLANG_WARN_BLOCK_CAPTURE_AUTORELEASING = YES;
				CLANG_WARN_BOOL_CONVERSION = YES;
				CLANG_WARN_COMMA = YES;
				CLANG_WARN_CONSTANT_CONVERSION = YES;
				CLANG_WARN_DEPRECATED_OBJC_IMPLEMENTATIONS = YES;
				CLANG_WARN_DIRECT_OBJC_ISA_USAGE = YES_ERROR;
				CLANG_WARN_EMPTY_BODY = YES;
				CLANG_WARN_ENUM_CONVERSION = YES;
				CLANG_WARN_INFINITE_RECURSION = YES;
				CLANG_WARN_INT_CONVERSION = YES;
				CLANG_WARN_NON_LITERAL_NULL_CONVERSION = YES;
				CLANG_WARN_OBJC_IMPLICIT_RETAIN_SELF = YES;
				CLANG_WARN_OBJC_LITERAL_CONVERSION = YES;
				CLANG_WARN_OBJC_ROOT_CLASS = YES_ERROR;
				CLANG_WARN_RANGE_LOOP_ANALYSIS = YES;
				CLANG_WARN_STRICT_PROTOTYPES = YES;
				CLANG_WARN_SUSPICIOUS_MOVE = YES;
				CLANG_WARN_UNREACHABLE_CODE = YES;
				CLANG_WARN__DUPLICATE_METHOD_MATCH = YES;
				"CODE_SIGN_IDENTITY[sdk=iphoneos*]" = "iPhone Distribution";
				CODE_SIGN_STYLE = Automatic;
				COPY_PHASE_STRIP = NO;
				DEBUG_INFORMATION_FORMAT = "dwarf-with-dsym";
				DEVELOPMENT_TEAM = VTT9S468WV;
				ENABLE_NS_ASSERTIONS = NO;
				ENABLE_STRICT_OBJC_MSGSEND = YES;
				GCC_C_LANGUAGE_STANDARD = gnu99;
				GCC_NO_COMMON_BLOCKS = YES;
				GCC_WARN_64_TO_32_BIT_CONVERSION = YES;
				GCC_WARN_ABOUT_RETURN_TYPE = YES_ERROR;
				GCC_WARN_UNDECLARED_SELECTOR = YES;
				GCC_WARN_UNINITIALIZED_AUTOS = YES_AGGRESSIVE;
				GCC_WARN_UNUSED_FUNCTION = YES;
				GCC_WARN_UNUSED_VARIABLE = YES;
				IPHONEOS_DEPLOYMENT_TARGET = 9.1;
				MTL_ENABLE_DEBUG_INFO = NO;
				SDKROOT = iphoneos;
				SWIFT_OPTIMIZATION_LEVEL = "-Owholemodule";
				SWIFT_SWIFT3_OBJC_INFERENCE = Default;
				TARGETED_DEVICE_FAMILY = 2;
				VALIDATE_PRODUCT = YES;
			};
			name = Release;
		};
		CDD451CC1BF4BBF700F76213 /* Debug */ = {
			isa = XCBuildConfiguration;
			buildSettings = {
				ASSETCATALOG_COMPILER_APPICON_NAME = AppIcon;
				CODE_SIGN_IDENTITY = "iPhone Developer";
				"CODE_SIGN_IDENTITY[sdk=iphoneos*]" = "iPhone Developer";
				CODE_SIGN_STYLE = Automatic;
				DEVELOPMENT_TEAM = VTT9S468WV;
				INFOPLIST_FILE = PreStudentContact/Info.plist;
				LD_RUNPATH_SEARCH_PATHS = "$(inherited) @executable_path/Frameworks";
				PRODUCT_BUNDLE_IDENTIFIER = appiut.PreStudentContact;
				PRODUCT_NAME = "$(TARGET_NAME)";
				PROVISIONING_PROFILE = "";
				PROVISIONING_PROFILE_SPECIFIER = "";
				SWIFT_VERSION = 5.0;
			};
			name = Debug;
		};
		CDD451CD1BF4BBF700F76213 /* Release */ = {
			isa = XCBuildConfiguration;
			buildSettings = {
				ASSETCATALOG_COMPILER_APPICON_NAME = AppIcon;
				CODE_SIGN_IDENTITY = "iPhone Developer";
				"CODE_SIGN_IDENTITY[sdk=iphoneos*]" = "iPhone Developer";
				CODE_SIGN_STYLE = Automatic;
				DEVELOPMENT_TEAM = VTT9S468WV;
				INFOPLIST_FILE = PreStudentContact/Info.plist;
				LD_RUNPATH_SEARCH_PATHS = "$(inherited) @executable_path/Frameworks";
				PRODUCT_BUNDLE_IDENTIFIER = appiut.PreStudentContact;
				PRODUCT_NAME = "$(TARGET_NAME)";
				PROVISIONING_PROFILE = "";
				PROVISIONING_PROFILE_SPECIFIER = "";
				SWIFT_VERSION = 5.0;
			};
			name = Release;
		};
/* End XCBuildConfiguration section */

/* Begin XCConfigurationList section */
		CDD451B41BF4BBF700F76213 /* Build configuration list for PBXProject "PreStudentContact" */ = {
			isa = XCConfigurationList;
			buildConfigurations = (
				CDD451C91BF4BBF700F76213 /* Debug */,
				CDD451CA1BF4BBF700F76213 /* Release */,
			);
			defaultConfigurationIsVisible = 0;
			defaultConfigurationName = Release;
		};
		CDD451CB1BF4BBF700F76213 /* Build configuration list for PBXNativeTarget "PreStudentContact" */ = {
			isa = XCConfigurationList;
			buildConfigurations = (
				CDD451CC1BF4BBF700F76213 /* Debug */,
				CDD451CD1BF4BBF700F76213 /* Release */,
			);
			defaultConfigurationIsVisible = 0;
			defaultConfigurationName = Release;
		};
/* End XCConfigurationList section */
	};
	rootObject = CDD451B11BF4BBF700F76213 /* Project object */;
}
